
Microsoft Visual Studio Solution File, Format Version 12.00
# Visual Studio Version 16
VisualStudioVersion = 16.0.31424.327
MinimumVisualStudioVersion = 10.0.40219.1
Project("{FAE04EC0-301F-11D3-BF4B-00C04F79EFBC}") = "WFA_TextEditor", "WFA_TextEditor\WFA_TextEditor.csproj", "{D2171039-3664-4548-9A7F-FBD9FDD73A07}"
EndProject
Global
	GlobalSection(SolutionConfigurationPlatforms) = preSolution
		Debug|Any CPU = Debug|Any CPU
		Release|Any CPU = Release|Any CPU
	EndGlobalSection
	GlobalSection(ProjectConfigurationPlatforms) = postSolution
		{D2171039-3664-4548-9A7F-FBD9FDD73A07}.Debug|Any CPU.ActiveCfg = Debug|Any CPU
		{D2171039-3664-4548-9A7F-FBD9FDD73A07}.Debug|Any CPU.Build.0 = Debug|Any CPU
		{D2171039-3664-4548-9A7F-FBD9FDD73A07}.Release|Any CPU.ActiveCfg = Release|Any CPU
		{D2171039-3664-4548-9A7F-FBD9FDD73A07}.Release|Any CPU.Build.0 = Release|Any CPU
	EndGlobalSection
	GlobalSection(SolutionProperties) = preSolution
		HideSolutionNode = FALSE
	EndGlobalSection
	GlobalSection(ExtensibilityGlobals) = postSolution
		SolutionGuid = {76C9528E-A0E2-47A5-ADA3-1475436EC475}
	EndGlobalSection
EndGlobal
